
Microsoft Visual Studio Solution File, Format Version 12.00
# Visual Studio Version 17
VisualStudioVersion = 17.2.32516.85
MinimumVisualStudioVersion = 10.0.40219.1
Project("{FAE04EC0-301F-11D3-BF4B-00C04F79EFBC}") = "HangFire_Library", "HangFire_Library\HangFire_Library.csproj", "{F2AB6B4E-9E2F-4C9D-A497-0CED01E30C36}"
EndProject
Global
	GlobalSection(SolutionConfigurationPlatforms) = preSolution
		Debug|Any CPU = Debug|Any CPU
		Release|Any CPU = Release|Any CPU
	EndGlobalSection
	GlobalSection(ProjectConfigurationPlatforms) = postSolution
		{F2AB6B4E-9E2F-4C9D-A497-0CED01E30C36}.Debug|Any CPU.ActiveCfg = Debug|Any CPU
		{F2AB6B4E-9E2F-4C9D-A497-0CED01E30C36}.Debug|Any CPU.Build.0 = Debug|Any CPU
		{F2AB6B4E-9E2F-4C9D-A497-0CED01E30C36}.Release|Any CPU.ActiveCfg = Release|Any CPU
		{F2AB6B4E-9E2F-4C9D-A497-0CED01E30C36}.Release|Any CPU.Build.0 = Release|Any CPU
	EndGlobalSection
	GlobalSection(SolutionProperties) = preSolution
		HideSolutionNode = FALSE
	EndGlobalSection
	GlobalSection(ExtensibilityGlobals) = postSolution
		SolutionGuid = {AFC2B45D-E7F3-4587-BD2F-6B2AC2BA44E4}
	EndGlobalSection
EndGlobal
